
Microsoft Visual Studio Solution File, Format Version 12.00
# Visual Studio Version 16
VisualStudioVersion = 16.0.32002.261
MinimumVisualStudioVersion = 10.0.40219.1
Project("{FAE04EC0-301F-11D3-BF4B-00C04F79EFBC}") = "WindowsFormsApp2", "WindowsFormsApp2\WindowsFormsApp2.csproj", "{FE2F06D0-3318-48D0-81CE-467B7AEDABB3}"
EndProject
Project("{2150E333-8FDC-42A3-9474-1A3956D46DE8}") = "Solution Items", "Solution Items", "{9E316926-D4F5-49AC-BF91-8600A971F6FE}"
	ProjectSection(SolutionItems) = preProject
		.editorconfig = .editorconfig
	EndProjectSection
EndProject
Global
	GlobalSection(SolutionConfigurationPlatforms) = preSolution
		Debug|Any CPU = Debug|Any CPU
		Release|Any CPU = Release|Any CPU
	EndGlobalSection
	GlobalSection(ProjectConfigurationPlatforms) = postSolution
		{FE2F06D0-3318-48D0-81CE-467B7AEDABB3}.Debug|Any CPU.ActiveCfg = Debug|Any CPU
		{FE2F06D0-3318-48D0-81CE-467B7AEDABB3}.Debug|Any CPU.Build.0 = Debug|Any CPU
		{FE2F06D0-3318-48D0-81CE-467B7AEDABB3}.Release|Any CPU.ActiveCfg = Release|Any CPU
		{FE2F06D0-3318-48D0-81CE-467B7AEDABB3}.Release|Any CPU.Build.0 = Release|Any CPU
	EndGlobalSection
	GlobalSection(SolutionProperties) = preSolution
		HideSolutionNode = FALSE
	EndGlobalSection
	GlobalSection(ExtensibilityGlobals) = postSolution
		SolutionGuid = {21F9BF6C-2B46-484E-ADAF-DE74F11DC2E0}
	EndGlobalSection
EndGlobal
